
Microsoft Visual Studio Solution File, Format Version 12.00
# Visual Studio Version 16
VisualStudioVersion = 16.0.28803.202
MinimumVisualStudioVersion = 10.0.40219.1
Project("{FAE04EC0-301F-11D3-BF4B-00C04F79EFBC}") = "OBJExporterUI", "WoWExportTools\OBJExporterUI.csproj", "{436E7F98-9E8D-4F2F-9150-F48DBE14F2FA}"
EndProject
Project("{FAE04EC0-301F-11D3-BF4B-00C04F79EFBC}") = "WoWFormatLib", "WoWFormatLib\WoWFormatLib\WoWFormatLib.csproj", "{5DB0FB8F-0EAA-490A-AA7D-28AE010186A9}"
EndProject
Project("{9A19103F-16F7-4668-BE54-9A1E7A4F7556}") = "CascLib", "WoWFormatLib\CascLib\CascLib\CascLib.csproj", "{954D7A1C-9E54-430D-BBF3-A3A12BC2452E}"
EndProject
Project("{9A19103F-16F7-4668-BE54-9A1E7A4F7556}") = "DBCD", "DBCD\DBCD.csproj", "{0F5F77D7-2397-4551-A69D-CBA30344D6FE}"
EndProject
Global
	GlobalSection(SolutionConfigurationPlatforms) = preSolution
		Debug|Any CPU = Debug|Any CPU
		Debug|Mixed Platforms = Debug|Mixed Platforms
		Debug|x64 = Debug|x64
		Debug|x86 = Debug|x86
		DebugAnalysis|Any CPU = DebugAnalysis|Any CPU
		DebugAnalysis|Mixed Platforms = DebugAnalysis|Mixed Platforms
		DebugAnalysis|x64 = DebugAnalysis|x64
		DebugAnalysis|x86 = DebugAnalysis|x86
		Release|Any CPU = Release|Any CPU
		Release|Mixed Platforms = Release|Mixed Platforms
		Release|x64 = Release|x64
		Release|x86 = Release|x86
	EndGlobalSection
	GlobalSection(ProjectConfigurationPlatforms) = postSolution
		{436E7F98-9E8D-4F2F-9150-F48DBE14F2FA}.Debug|Any CPU.ActiveCfg = Debug|Any CPU
		{436E7F98-9E8D-4F2F-9150-F48DBE14F2FA}.Debug|Any CPU.Build.0 = Debug|Any CPU
		{436E7F98-9E8D-4F2F-9150-F48DBE14F2FA}.Debug|Mixed Platforms.ActiveCfg = Debug|Any CPU
		{436E7F98-9E8D-4F2F-9150-F48DBE14F2FA}.Debug|Mixed Platforms.Build.0 = Debug|Any CPU
		{436E7F98-9E8D-4F2F-9150-F48DBE14F2FA}.Debug|x64.ActiveCfg = Debug|Any CPU
		{436E7F98-9E8D-4F2F-9150-F48DBE14F2FA}.Debug|x64.Build.0 = Debug|Any CPU
		{436E7F98-9E8D-4F2F-9150-F48DBE14F2FA}.Debug|x86.ActiveCfg = Debug|Any CPU
		{436E7F98-9E8D-4F2F-9150-F48DBE14F2FA}.Debug|x86.Build.0 = Debug|Any CPU
		{436E7F98-9E8D-4F2F-9150-F48DBE14F2FA}.DebugAnalysis|Any CPU.ActiveCfg = Debug|Any CPU
		{436E7F98-9E8D-4F2F-9150-F48DBE14F2FA}.DebugAnalysis|Any CPU.Build.0 = Debug|Any CPU
		{436E7F98-9E8D-4F2F-9150-F48DBE14F2FA}.DebugAnalysis|Mixed Platforms.ActiveCfg = Debug|Any CPU
		{436E7F98-9E8D-4F2F-9150-F48DBE14F2FA}.DebugAnalysis|Mixed Platforms.Build.0 = Debug|Any CPU
		{436E7F98-9E8D-4F2F-9150-F48DBE14F2FA}.DebugAnalysis|x64.ActiveCfg = Debug|Any CPU
		{436E7F98-9E8D-4F2F-9150-F48DBE14F2FA}.DebugAnalysis|x64.Build.0 = Debug|Any CPU
		{436E7F98-9E8D-4F2F-9150-F48DBE14F2FA}.DebugAnalysis|x86.ActiveCfg = Debug|Any CPU
		{436E7F98-9E8D-4F2F-9150-F48DBE14F2FA}.DebugAnalysis|x86.Build.0 = Debug|Any CPU
		{436E7F98-9E8D-4F2F-9150-F48DBE14F2FA}.Release|Any CPU.ActiveCfg = Release|Any CPU
		{436E7F98-9E8D-4F2F-9150-F48DBE14F2FA}.Release|Any CPU.Build.0 = Release|Any CPU
		{436E7F98-9E8D-4F2F-9150-F48DBE14F2FA}.Release|Mixed Platforms.ActiveCfg = Release|Any CPU
		{436E7F98-9E8D-4F2F-9150-F48DBE14F2FA}.Release|Mixed Platforms.Build.0 = Release|Any CPU
		{436E7F98-9E8D-4F2F-9150-F48DBE14F2FA}.Release|x64.ActiveCfg = Release|Any CPU
		{436E7F98-9E8D-4F2F-9150-F48DBE14F2FA}.Release|x64.Build.0 = Release|Any CPU
		{436E7F98-9E8D-4F2F-9150-F48DBE14F2FA}.Release|x86.ActiveCfg = Release|Any CPU
		{436E7F98-9E8D-4F2F-9150-F48DBE14F2FA}.Release|x86.Build.0 = Release|Any CPU
		{5DB0FB8F-0EAA-490A-AA7D-28AE010186A9}.Debug|Any CPU.ActiveCfg = Debug|Any CPU
		{5DB0FB8F-0EAA-490A-AA7D-28AE010186A9}.Debug|Any CPU.Build.0 = Debug|Any CPU
		{5DB0FB8F-0EAA-490A-AA7D-28AE010186A9}.Debug|Mixed Platforms.ActiveCfg = Debug|Any CPU
		{5DB0FB8F-0EAA-490A-AA7D-28AE010186A9}.Debug|Mixed Platforms.Build.0 = Debug|Any CPU
		{5DB0FB8F-0EAA-490A-AA7D-28AE010186A9}.Debug|x64.ActiveCfg = Debug|Any CPU
		{5DB0FB8F-0EAA-490A-AA7D-28AE010186A9}.Debug|x64.Build.0 = Debug|Any CPU
		{5DB0FB8F-0EAA-490A-AA7D-28AE010186A9}.Debug|x86.ActiveCfg = Debug|Any CPU
		{5DB0FB8F-0EAA-490A-AA7D-28AE010186A9}.Debug|x86.Build.0 = Debug|Any CPU
		{5DB0FB8F-0EAA-490A-AA7D-28AE010186A9}.DebugAnalysis|Any CPU.ActiveCfg = Debug|Any CPU
		{5DB0FB8F-0EAA-490A-AA7D-28AE010186A9}.DebugAnalysis|Any CPU.Build.0 = Debug|Any CPU
		{5DB0FB8F-0EAA-490A-AA7D-28AE010186A9}.DebugAnalysis|Mixed Platforms.ActiveCfg = Debug|Any CPU
		{5DB0FB8F-0EAA-490A-AA7D-28AE010186A9}.DebugAnalysis|Mixed Platforms.Build.0 = Debug|Any CPU
		{5DB0FB8F-0EAA-490A-AA7D-28AE010186A9}.DebugAnalysis|x64.ActiveCfg = Debug|Any CPU
		{5DB0FB8F-0EAA-490A-AA7D-28AE010186A9}.DebugAnalysis|x64.Build.0 = Debug|Any CPU
		{5DB0FB8F-0EAA-490A-AA7D-28AE010186A9}.DebugAnalysis|x86.ActiveCfg = Debug|Any CPU
		{5DB0FB8F-0EAA-490A-AA7D-28AE010186A9}.DebugAnalysis|x86.Build.0 = Debug|Any CPU
		{5DB0FB8F-0EAA-490A-AA7D-28AE010186A9}.Release|Any CPU.ActiveCfg = Release|Any CPU
		{5DB0FB8F-0EAA-490A-AA7D-28AE010186A9}.Release|Any CPU.Build.0 = Release|Any CPU
		{5DB0FB8F-0EAA-490A-AA7D-28AE010186A9}.Release|Mixed Platforms.ActiveCfg = Release|Any CPU
		{5DB0FB8F-0EAA-490A-AA7D-28AE010186A9}.Release|Mixed Platforms.Build.0 = Release|Any CPU
		{5DB0FB8F-0EAA-490A-AA7D-28AE010186A9}.Release|x64.ActiveCfg = Release|Any CPU
		{5DB0FB8F-0EAA-490A-AA7D-28AE010186A9}.Release|x64.Build.0 = Release|Any CPU
		{5DB0FB8F-0EAA-490A-AA7D-28AE010186A9}.Release|x86.ActiveCfg = Release|Any CPU
		{5DB0FB8F-0EAA-490A-AA7D-28AE010186A9}.Release|x86.Build.0 = Release|Any CPU
		{954D7A1C-9E54-430D-BBF3-A3A12BC2452E}.Debug|Any CPU.ActiveCfg = Debug|Any CPU
		{954D7A1C-9E54-430D-BBF3-A3A12BC2452E}.Debug|Any CPU.Build.0 = Debug|Any CPU
		{954D7A1C-9E54-430D-BBF3-A3A12BC2452E}.Debug|Mixed Platforms.ActiveCfg = Debug|Any CPU
		{954D7A1C-9E54-430D-BBF3-A3A12BC2452E}.Debug|Mixed Platforms.Build.0 = Debug|Any CPU
		{954D7A1C-9E54-430D-BBF3-A3A12BC2452E}.Debug|x64.ActiveCfg = Debug|Any CPU
		{954D7A1C-9E54-430D-BBF3-A3A12BC2452E}.Debug|x64.Build.0 = Debug|Any CPU
		{954D7A1C-9E54-430D-BBF3-A3A12BC2452E}.Debug|x86.ActiveCfg = Debug|Any CPU
		{954D7A1C-9E54-430D-BBF3-A3A12BC2452E}.Debug|x86.Build.0 = Debug|Any CPU
		{954D7A1C-9E54-430D-BBF3-A3A12BC2452E}.DebugAnalysis|Any CPU.ActiveCfg = Debug|Any CPU
		{954D7A1C-9E54-430D-BBF3-A3A12BC2452E}.DebugAnalysis|Any CPU.Build.0 = Debug|Any CPU
		{954D7A1C-9E54-430D-BBF3-A3A12BC2452E}.DebugAnalysis|Mixed Platforms.ActiveCfg = Debug|Any CPU
		{954D7A1C-9E54-430D-BBF3-A3A12BC2452E}.DebugAnalysis|Mixed Platforms.Build.0 = Debug|Any CPU
		{954D7A1C-9E54-430D-BBF3-A3A12BC2452E}.DebugAnalysis|x64.ActiveCfg = Debug|Any CPU
		{954D7A1C-9E54-430D-BBF3-A3A12BC2452E}.DebugAnalysis|x64.Build.0 = Debug|Any CPU
		{954D7A1C-9E54-430D-BBF3-A3A12BC2452E}.DebugAnalysis|x86.ActiveCfg = Debug|Any CPU
		{954D7A1C-9E54-430D-BBF3-A3A12BC2452E}.DebugAnalysis|x86.Build.0 = Debug|Any CPU
		{954D7A1C-9E54-430D-BBF3-A3A12BC2452E}.Release|Any CPU.ActiveCfg = Release|Any CPU
		{954D7A1C-9E54-430D-BBF3-A3A12BC2452E}.Release|Any CPU.Build.0 = Release|Any CPU
		{954D7A1C-9E54-430D-BBF3-A3A12BC2452E}.Release|Mixed Platforms.ActiveCfg = Release|Any CPU
		{954D7A1C-9E54-430D-BBF3-A3A12BC2452E}.Release|Mixed Platforms.Build.0 = Release|Any CPU
		{954D7A1C-9E54-430D-BBF3-A3A12BC2452E}.Release|x64.ActiveCfg = Release|Any CPU
		{954D7A1C-9E54-430D-BBF3-A3A12BC2452E}.Release|x64.Build.0 = Release|Any CPU
		{954D7A1C-9E54-430D-BBF3-A3A12BC2452E}.Release|x86.ActiveCfg = Release|Any CPU
		{954D7A1C-9E54-430D-BBF3-A3A12BC2452E}.Release|x86.Build.0 = Release|Any CPU
		{0F5F77D7-2397-4551-A69D-CBA30344D6FE}.Debug|Any CPU.ActiveCfg = Debug|Any CPU
		{0F5F77D7-2397-4551-A69D-CBA30344D6FE}.Debug|Any CPU.Build.0 = Debug|Any CPU
		{0F5F77D7-2397-4551-A69D-CBA30344D6FE}.Debug|Mixed Platforms.ActiveCfg = Debug|Any CPU
		{0F5F77D7-2397-4551-A69D-CBA30344D6FE}.Debug|Mixed Platforms.Build.0 = Debug|Any CPU
		{0F5F77D7-2397-4551-A69D-CBA30344D6FE}.Debug|x64.ActiveCfg = Debug|Any CPU
		{0F5F77D7-2397-4551-A69D-CBA30344D6FE}.Debug|x64.Build.0 = Debug|Any CPU
		{0F5F77D7-2397-4551-A69D-CBA30344D6FE}.Debug|x86.ActiveCfg = Debug|Any CPU
		{0F5F77D7-2397-4551-A69D-CBA30344D6FE}.Debug|x86.Build.0 = Debug|Any CPU
		{0F5F77D7-2397-4551-A69D-CBA30344D6FE}.DebugAnalysis|Any CPU.ActiveCfg = Debug|Any CPU
		{0F5F77D7-2397-4551-A69D-CBA30344D6FE}.DebugAnalysis|Any CPU.Build.0 = Debug|Any CPU
		{0F5F77D7-2397-4551-A69D-CBA30344D6FE}.DebugAnalysis|Mixed Platforms.ActiveCfg = Debug|Any CPU
		{0F5F77D7-2397-4551-A69D-CBA30344D6FE}.DebugAnalysis|Mixed Platforms.Build.0 = Debug|Any CPU
		{0F5F77D7-2397-4551-A69D-CBA30344D6FE}.DebugAnalysis|x64.ActiveCfg = Debug|Any CPU
		{0F5F77D7-2397-4551-A69D-CBA30344D6FE}.DebugAnalysis|x64.Build.0 = Debug|Any CPU
		{0F5F77D7-2397-4551-A69D-CBA30344D6FE}.DebugAnalysis|x86.ActiveCfg = Debug|Any CPU
		{0F5F77D7-2397-4551-A69D-CBA30344D6FE}.DebugAnalysis|x86.Build.0 = Debug|Any CPU
		{0F5F77D7-2397-4551-A69D-CBA30344D6FE}.Release|Any CPU.ActiveCfg = Release|Any CPU
		{0F5F77D7-2397-4551-A69D-CBA30344D6FE}.Release|Any CPU.Build.0 = Release|Any CPU
		{0F5F77D7-2397-4551-A69D-CBA30344D6FE}.Release|Mixed Platforms.ActiveCfg = Release|Any CPU
		{0F5F77D7-2397-4551-A69D-CBA30344D6FE}.Release|Mixed Platforms.Build.0 = Release|Any CPU
		{0F5F77D7-2397-4551-A69D-CBA30344D6FE}.Release|x64.ActiveCfg = Release|Any CPU
		{0F5F77D7-2397-4551-A69D-CBA30344D6FE}.Release|x64.Build.0 = Release|Any CPU
		{0F5F77D7-2397-4551-A69D-CBA30344D6FE}.Release|x86.ActiveCfg = Release|Any CPU
		{0F5F77D7-2397-4551-A69D-CBA30344D6FE}.Release|x86.Build.0 = Release|Any CPU
	EndGlobalSection
	GlobalSection(SolutionProperties) = preSolution
		HideSolutionNode = FALSE
	EndGlobalSection
	GlobalSection(ExtensibilityGlobals) = postSolution
		SolutionGuid = {462B38C9-0A3F-4533-A167-BE5EA3B3F414}
	EndGlobalSection
EndGlobal
