
Microsoft Visual Studio Solution File, Format Version 12.00
# Visual Studio Version 16
VisualStudioVersion = 16.0.28803.202
MinimumVisualStudioVersion = 10.0.40219.1
Project("{FAE04EC0-301F-11D3-BF4B-00C04F79EFBC}") = "OBJExporterUI", "WoWExportTools\OBJExporterUI.csproj", "{436E7F98-9E8D-4F2F-9150-F48DBE14F2FA}"
EndProject
Project("{9A19103F-16F7-4668-BE54-9A1E7A4F7556}") = "CascLib", "CascLib\CascLib\CascLib.csproj", "{B37A850E-992A-4A8A-A016-9F186DCA5997}"
EndProject
Global
	GlobalSection(SolutionConfigurationPlatforms) = preSolution
		Debug|Any CPU = Debug|Any CPU
		Debug|Mixed Platforms = Debug|Mixed Platforms
		Debug|x64 = Debug|x64
		Debug|x86 = Debug|x86
		DebugAnalysis|Any CPU = DebugAnalysis|Any CPU
		DebugAnalysis|Mixed Platforms = DebugAnalysis|Mixed Platforms
		DebugAnalysis|x64 = DebugAnalysis|x64
		DebugAnalysis|x86 = DebugAnalysis|x86
		Release|Any CPU = Release|Any CPU
		Release|Mixed Platforms = Release|Mixed Platforms
		Release|x64 = Release|x64
		Release|x86 = Release|x86
	EndGlobalSection
	GlobalSection(ProjectConfigurationPlatforms) = postSolution
		{436E7F98-9E8D-4F2F-9150-F48DBE14F2FA}.Debug|Any CPU.ActiveCfg = Debug|Any CPU
		{436E7F98-9E8D-4F2F-9150-F48DBE14F2FA}.Debug|Any CPU.Build.0 = Debug|Any CPU
		{436E7F98-9E8D-4F2F-9150-F48DBE14F2FA}.Debug|Mixed Platforms.ActiveCfg = Debug|Any CPU
		{436E7F98-9E8D-4F2F-9150-F48DBE14F2FA}.Debug|Mixed Platforms.Build.0 = Debug|Any CPU
		{436E7F98-9E8D-4F2F-9150-F48DBE14F2FA}.Debug|x64.ActiveCfg = Debug|Any CPU
		{436E7F98-9E8D-4F2F-9150-F48DBE14F2FA}.Debug|x64.Build.0 = Debug|Any CPU
		{436E7F98-9E8D-4F2F-9150-F48DBE14F2FA}.Debug|x86.ActiveCfg = Debug|Any CPU
		{436E7F98-9E8D-4F2F-9150-F48DBE14F2FA}.Debug|x86.Build.0 = Debug|Any CPU
		{436E7F98-9E8D-4F2F-9150-F48DBE14F2FA}.DebugAnalysis|Any CPU.ActiveCfg = Debug|Any CPU
		{436E7F98-9E8D-4F2F-9150-F48DBE14F2FA}.DebugAnalysis|Any CPU.Build.0 = Debug|Any CPU
		{436E7F98-9E8D-4F2F-9150-F48DBE14F2FA}.DebugAnalysis|Mixed Platforms.ActiveCfg = Debug|Any CPU
		{436E7F98-9E8D-4F2F-9150-F48DBE14F2FA}.DebugAnalysis|Mixed Platforms.Build.0 = Debug|Any CPU
		{436E7F98-9E8D-4F2F-9150-F48DBE14F2FA}.DebugAnalysis|x64.ActiveCfg = Debug|Any CPU
		{436E7F98-9E8D-4F2F-9150-F48DBE14F2FA}.DebugAnalysis|x64.Build.0 = Debug|Any CPU
		{436E7F98-9E8D-4F2F-9150-F48DBE14F2FA}.DebugAnalysis|x86.ActiveCfg = Debug|Any CPU
		{436E7F98-9E8D-4F2F-9150-F48DBE14F2FA}.DebugAnalysis|x86.Build.0 = Debug|Any CPU
		{436E7F98-9E8D-4F2F-9150-F48DBE14F2FA}.Release|Any CPU.ActiveCfg = Release|Any CPU
		{436E7F98-9E8D-4F2F-9150-F48DBE14F2FA}.Release|Any CPU.Build.0 = Release|Any CPU
		{436E7F98-9E8D-4F2F-9150-F48DBE14F2FA}.Release|Mixed Platforms.ActiveCfg = Release|Any CPU
		{436E7F98-9E8D-4F2F-9150-F48DBE14F2FA}.Release|Mixed Platforms.Build.0 = Release|Any CPU
		{436E7F98-9E8D-4F2F-9150-F48DBE14F2FA}.Release|x64.ActiveCfg = Release|Any CPU
		{436E7F98-9E8D-4F2F-9150-F48DBE14F2FA}.Release|x64.Build.0 = Release|Any CPU
		{436E7F98-9E8D-4F2F-9150-F48DBE14F2FA}.Release|x86.ActiveCfg = Release|Any CPU
		{436E7F98-9E8D-4F2F-9150-F48DBE14F2FA}.Release|x86.Build.0 = Release|Any CPU
		{B37A850E-992A-4A8A-A016-9F186DCA5997}.Debug|Any CPU.ActiveCfg = Debug|Any CPU
		{B37A850E-992A-4A8A-A016-9F186DCA5997}.Debug|Any CPU.Build.0 = Debug|Any CPU
		{B37A850E-992A-4A8A-A016-9F186DCA5997}.Debug|Mixed Platforms.ActiveCfg = Debug|Any CPU
		{B37A850E-992A-4A8A-A016-9F186DCA5997}.Debug|Mixed Platforms.Build.0 = Debug|Any CPU
		{B37A850E-992A-4A8A-A016-9F186DCA5997}.Debug|x64.ActiveCfg = Debug|Any CPU
		{B37A850E-992A-4A8A-A016-9F186DCA5997}.Debug|x64.Build.0 = Debug|Any CPU
		{B37A850E-992A-4A8A-A016-9F186DCA5997}.Debug|x86.ActiveCfg = Debug|Any CPU
		{B37A850E-992A-4A8A-A016-9F186DCA5997}.Debug|x86.Build.0 = Debug|Any CPU
		{B37A850E-992A-4A8A-A016-9F186DCA5997}.DebugAnalysis|Any CPU.ActiveCfg = Debug|Any CPU
		{B37A850E-992A-4A8A-A016-9F186DCA5997}.DebugAnalysis|Any CPU.Build.0 = Debug|Any CPU
		{B37A850E-992A-4A8A-A016-9F186DCA5997}.DebugAnalysis|Mixed Platforms.ActiveCfg = Debug|Any CPU
		{B37A850E-992A-4A8A-A016-9F186DCA5997}.DebugAnalysis|Mixed Platforms.Build.0 = Debug|Any CPU
		{B37A850E-992A-4A8A-A016-9F186DCA5997}.DebugAnalysis|x64.ActiveCfg = Debug|Any CPU
		{B37A850E-992A-4A8A-A016-9F186DCA5997}.DebugAnalysis|x64.Build.0 = Debug|Any CPU
		{B37A850E-992A-4A8A-A016-9F186DCA5997}.DebugAnalysis|x86.ActiveCfg = Debug|Any CPU
		{B37A850E-992A-4A8A-A016-9F186DCA5997}.DebugAnalysis|x86.Build.0 = Debug|Any CPU
		{B37A850E-992A-4A8A-A016-9F186DCA5997}.Release|Any CPU.ActiveCfg = Release|Any CPU
		{B37A850E-992A-4A8A-A016-9F186DCA5997}.Release|Any CPU.Build.0 = Release|Any CPU
		{B37A850E-992A-4A8A-A016-9F186DCA5997}.Release|Mixed Platforms.ActiveCfg = Release|Any CPU
		{B37A850E-992A-4A8A-A016-9F186DCA5997}.Release|Mixed Platforms.Build.0 = Release|Any CPU
		{B37A850E-992A-4A8A-A016-9F186DCA5997}.Release|x64.ActiveCfg = Release|Any CPU
		{B37A850E-992A-4A8A-A016-9F186DCA5997}.Release|x64.Build.0 = Release|Any CPU
		{B37A850E-992A-4A8A-A016-9F186DCA5997}.Release|x86.ActiveCfg = Release|Any CPU
		{B37A850E-992A-4A8A-A016-9F186DCA5997}.Release|x86.Build.0 = Release|Any CPU
	EndGlobalSection
	GlobalSection(SolutionProperties) = preSolution
		HideSolutionNode = FALSE
	EndGlobalSection
	GlobalSection(ExtensibilityGlobals) = postSolution
		SolutionGuid = {462B38C9-0A3F-4533-A167-BE5EA3B3F414}
	EndGlobalSection
EndGlobal
